
Microsoft Visual Studio Solution File, Format Version 12.00
# Visual Studio 15
VisualStudioVersion = 15.0.28307.168
MinimumVisualStudioVersion = 10.0.40219.1
Project("{9A19103F-16F7-4668-BE54-9A1E7A4F7556}") = "Demo.Api", "Demo.Api\Demo.Api.csproj", "{EBBC875F-E65C-4160-95C2-B15AEAB49BFC}"
EndProject
Project("{9A19103F-16F7-4668-BE54-9A1E7A4F7556}") = "Demo.Application", "Demo.Application\Demo.Application.csproj", "{F6E14C3F-D57F-49B6-BB69-BD56176E2A78}"
EndProject
Project("{9A19103F-16F7-4668-BE54-9A1E7A4F7556}") = "Demo.Infrastructure", "Demo.Infrastructure\Demo.Infrastructure.csproj", "{B7802722-9516-4D78-8AA6-03FFE01076DD}"
EndProject
Project("{9A19103F-16F7-4668-BE54-9A1E7A4F7556}") = "Demo.Zoo.Domain", "Demo.Zoo.Domain\Demo.Zoo.Domain.csproj", "{8CFBCFD2-821B-4DDA-9B76-B5FF88417D5E}"
EndProject
Global
	GlobalSection(SolutionConfigurationPlatforms) = preSolution
		Debug|Any CPU = Debug|Any CPU
		Release|Any CPU = Release|Any CPU
	EndGlobalSection
	GlobalSection(ProjectConfigurationPlatforms) = postSolution
		{EBBC875F-E65C-4160-95C2-B15AEAB49BFC}.Debug|Any CPU.ActiveCfg = Debug|Any CPU
		{EBBC875F-E65C-4160-95C2-B15AEAB49BFC}.Debug|Any CPU.Build.0 = Debug|Any CPU
		{EBBC875F-E65C-4160-95C2-B15AEAB49BFC}.Release|Any CPU.ActiveCfg = Release|Any CPU
		{EBBC875F-E65C-4160-95C2-B15AEAB49BFC}.Release|Any CPU.Build.0 = Release|Any CPU
		{F6E14C3F-D57F-49B6-BB69-BD56176E2A78}.Debug|Any CPU.ActiveCfg = Debug|Any CPU
		{F6E14C3F-D57F-49B6-BB69-BD56176E2A78}.Debug|Any CPU.Build.0 = Debug|Any CPU
		{F6E14C3F-D57F-49B6-BB69-BD56176E2A78}.Release|Any CPU.ActiveCfg = Release|Any CPU
		{F6E14C3F-D57F-49B6-BB69-BD56176E2A78}.Release|Any CPU.Build.0 = Release|Any CPU
		{B7802722-9516-4D78-8AA6-03FFE01076DD}.Debug|Any CPU.ActiveCfg = Debug|Any CPU
		{B7802722-9516-4D78-8AA6-03FFE01076DD}.Debug|Any CPU.Build.0 = Debug|Any CPU
		{B7802722-9516-4D78-8AA6-03FFE01076DD}.Release|Any CPU.ActiveCfg = Release|Any CPU
		{B7802722-9516-4D78-8AA6-03FFE01076DD}.Release|Any CPU.Build.0 = Release|Any CPU
		{8CFBCFD2-821B-4DDA-9B76-B5FF88417D5E}.Debug|Any CPU.ActiveCfg = Debug|Any CPU
		{8CFBCFD2-821B-4DDA-9B76-B5FF88417D5E}.Debug|Any CPU.Build.0 = Debug|Any CPU
		{8CFBCFD2-821B-4DDA-9B76-B5FF88417D5E}.Release|Any CPU.ActiveCfg = Release|Any CPU
		{8CFBCFD2-821B-4DDA-9B76-B5FF88417D5E}.Release|Any CPU.Build.0 = Release|Any CPU
	EndGlobalSection
	GlobalSection(SolutionProperties) = preSolution
		HideSolutionNode = FALSE
	EndGlobalSection
	GlobalSection(ExtensibilityGlobals) = postSolution
		SolutionGuid = {5D1D3F0D-9381-4B8E-A71F-9CD04D1E5B20}
	EndGlobalSection
EndGlobal
